{
  "version": 4,
  "terraform_version": "1.6.0",
  "serial": 47,
  "lineage": "ecf7647e-1c56-8d11-58c7-00ad880eceb5",
  "outputs": {},
  "resources": [
    {
      "module": "module.app-subnet",
      "mode": "data",
      "type": "oci_core_services",
      "name": "all_oci_services",
      "provider": "provider[\"registry.terraform.io/hashicorp/oci\"]",
      "instances": [
        {
          "schema_version": 0,
          "attributes": {
            "filter": [
              {
                "name": "name",
                "regex": true,
                "values": [
                  "All .* Services In Oracle Services Network"
                ]
              }
            ],
            "id": "CoreServicesDataSource-0",
            "services": [
              {
                "cidr_block": "all-jed-services-in-oracle-services-network",
                "description": "All JED Services In Oracle Services Network",
                "id": "ocid1.service.oc1.me-jeddah-1.aaaaaaaalzbp2ry2h4keliz26riuwprf2jcbicqjohx6cehdshs4mpf44tua",
                "name": "All JED Services In Oracle Services Network"
              }
            ]
          },
          "sensitive_attributes": []
        }
      ]
    },
    {
      "module": "module.app-subnet",
      "mode": "managed",
      "type": "oci_core_route_table",
      "name": "subnet_route_table",
      "provider": "provider[\"registry.terraform.io/hashicorp/oci\"]",
      "instances": [
        {
          "schema_version": 0,
          "attributes": {
            "compartment_id": "ocid1.compartment.oc1..aaaaaaaaicpfwfxkd3s4h2rg2zpy3bfrdx36b3auf27f5wkpobwaffkxxvha",
            "defined_tags": {
              "Oracle-Tags.CreatedBy": "default/ahmed.shousha@wind-is.com",
              "Oracle-Tags.CreatedOn": "2023-10-12T13:02:41.150Z"
            },
            "display_name": "Ahmed-app-sn-rt",
            "freeform_tags": {},
            "id": "ocid1.routetable.oc1.me-jeddah-1.aaaaaaaaahq2pugiwgg3r5lqa2btwbsz6dswgduyruvpm55wiqabmt7v54sq",
            "route_rules": [],
            "state": "AVAILABLE",
            "time_created": "2023-10-12 13:02:41.163 +0000 UTC",
            "timeouts": null,
            "vcn_id": "ocid1.vcn.oc1.me-jeddah-1.amaaaaaa2bix7zaauvbiuy7r7b2euxryfzsp424u46dzo6x4umwzhqmvphzq"
          },
          "sensitive_attributes": [],
          "private": "eyJlMmJmYjczMC1lY2FhLTExZTYtOGY4OC0zNDM2M2JjN2M0YzAiOnsiY3JlYXRlIjoxMjAwMDAwMDAwMDAwLCJkZWxldGUiOjEyMDAwMDAwMDAwMDAsInVwZGF0ZSI6MTIwMDAwMDAwMDAwMH19",
          "dependencies": [
            "module.compartment.oci_identity_compartment.compartment",
            "module.vcn.oci_core_vcn.vcn"
          ]
        }
      ]
    },
    {
      "module": "module.app-subnet",
      "mode": "managed",
      "type": "oci_core_route_table_attachment",
      "name": "route_table_attachment",
      "provider": "provider[\"registry.terraform.io/hashicorp/oci\"]",
      "instances": [
        {
          "schema_version": 0,
          "attributes": {
            "id": "ocid1.subnet.oc1.me-jeddah-1.aaaaaaaaicscyry7u4gdfs5xfsozuykiixxpzpr3hd7qtbz37sv72wq6nwbq/ocid1.routetable.oc1.me-jeddah-1.aaaaaaaaahq2pugiwgg3r5lqa2btwbsz6dswgduyruvpm55wiqabmt7v54sq",
            "route_table_id": "ocid1.routetable.oc1.me-jeddah-1.aaaaaaaaahq2pugiwgg3r5lqa2btwbsz6dswgduyruvpm55wiqabmt7v54sq",
            "subnet_id": "ocid1.subnet.oc1.me-jeddah-1.aaaaaaaaicscyry7u4gdfs5xfsozuykiixxpzpr3hd7qtbz37sv72wq6nwbq",
            "timeouts": null
          },
          "sensitive_attributes": [],
          "private": "eyJlMmJmYjczMC1lY2FhLTExZTYtOGY4OC0zNDM2M2JjN2M0YzAiOnsiY3JlYXRlIjoxMjAwMDAwMDAwMDAwLCJkZWxldGUiOjEyMDAwMDAwMDAwMDAsInVwZGF0ZSI6MTIwMDAwMDAwMDAwMH19",
          "dependencies": [
            "module.app-subnet.oci_core_route_table.subnet_route_table",
            "module.app-subnet.oci_core_security_list.security-list",
            "module.app-subnet.oci_core_subnet.vcn-subnet",
            "module.compartment.oci_identity_compartment.compartment",
            "module.vcn.oci_core_vcn.vcn"
          ]
        }
      ]
    },
    {
      "module": "module.app-subnet",
      "mode": "managed",
      "type": "oci_core_security_list",
      "name": "security-list",
      "provider": "provider[\"registry.terraform.io/hashicorp/oci\"]",
      "instances": [
        {
          "index_key": 0,
          "schema_version": 0,
          "attributes": {
            "compartment_id": "ocid1.compartment.oc1..aaaaaaaaicpfwfxkd3s4h2rg2zpy3bfrdx36b3auf27f5wkpobwaffkxxvha",
            "defined_tags": {
              "Oracle-Tags.CreatedBy": "default/ahmed.shousha@wind-is.com",
              "Oracle-Tags.CreatedOn": "2023-10-12T13:02:41.098Z"
            },
            "display_name": "Ahmed-app-sn-sl",
            "egress_security_rules": [
              {
                "description": "",
                "destination": "0.0.0.0/0",
                "destination_type": "CIDR_BLOCK",
                "icmp_options": [],
                "protocol": "all",
                "stateless": false,
                "tcp_options": [],
                "udp_options": []
              },
              {
                "description": "",
                "destination": "all-jed-services-in-oracle-services-network",
                "destination_type": "SERVICE_CIDR_BLOCK",
                "icmp_options": [],
                "protocol": "all",
                "stateless": false,
                "tcp_options": [],
                "udp_options": []
              }
            ],
            "freeform_tags": {},
            "id": "ocid1.securitylist.oc1.me-jeddah-1.aaaaaaaarmvpb52xw3v6ejhehgnjo67dmffijhr3fmr6vojkuyhnb4ibglwq",
            "ingress_security_rules": [
              {
                "description": "",
                "icmp_options": [],
                "protocol": "6",
                "source": "0.0.0.0/0",
                "source_type": "CIDR_BLOCK",
                "stateless": true,
                "tcp_options": [
                  {
                    "max": 22,
                    "min": 22,
                    "source_port_range": []
                  }
                ],
                "udp_options": []
              },
              {
                "description": "",
                "icmp_options": [],
                "protocol": "6",
                "source": "10.0.0.0/16",
                "source_type": "CIDR_BLOCK",
                "stateless": true,
                "tcp_options": [
                  {
                    "max": 80,
                    "min": 80,
                    "source_port_range": []
                  }
                ],
                "udp_options": []
              }
            ],
            "state": "AVAILABLE",
            "time_created": "2023-10-12 13:02:41.135 +0000 UTC",
            "timeouts": null,
            "vcn_id": "ocid1.vcn.oc1.me-jeddah-1.amaaaaaa2bix7zaauvbiuy7r7b2euxryfzsp424u46dzo6x4umwzhqmvphzq"
          },
          "sensitive_attributes": [],
          "private": "eyJlMmJmYjczMC1lY2FhLTExZTYtOGY4OC0zNDM2M2JjN2M0YzAiOnsiY3JlYXRlIjoxMjAwMDAwMDAwMDAwLCJkZWxldGUiOjEyMDAwMDAwMDAwMDAsInVwZGF0ZSI6MTIwMDAwMDAwMDAwMH19",
          "dependencies": [
            "module.compartment.oci_identity_compartment.compartment",
            "module.vcn.oci_core_vcn.vcn"
          ]
        }
      ]
    },
    {
      "module": "module.app-subnet",
      "mode": "managed",
      "type": "oci_core_subnet",
      "name": "vcn-subnet",
      "provider": "provider[\"registry.terraform.io/hashicorp/oci\"]",
      "instances": [
        {
          "schema_version": 0,
          "attributes": {
            "availability_domain": null,
            "cidr_block": "10.0.4.0/24",
            "compartment_id": "ocid1.compartment.oc1..aaaaaaaaicpfwfxkd3s4h2rg2zpy3bfrdx36b3auf27f5wkpobwaffkxxvha",
            "defined_tags": {
              "Oracle-Tags.CreatedBy": "default/ahmed.shousha@wind-is.com",
              "Oracle-Tags.CreatedOn": "2023-10-12T13:02:41.710Z"
            },
            "dhcp_options_id": "ocid1.dhcpoptions.oc1.me-jeddah-1.aaaaaaaa2aqflo4uyk6n2qrwcnbrlj56ave3agreeaxtzllny6ln3m4ffwua",
            "display_name": "Ahmed-app-sn",
            "dns_label": "appsndns",
            "freeform_tags": {},
            "id": "ocid1.subnet.oc1.me-jeddah-1.aaaaaaaaicscyry7u4gdfs5xfsozuykiixxpzpr3hd7qtbz37sv72wq6nwbq",
            "ipv6cidr_block": null,
            "ipv6cidr_blocks": [],
            "ipv6virtual_router_ip": null,
            "prohibit_internet_ingress": true,
            "prohibit_public_ip_on_vnic": true,
            "route_table_id": "ocid1.routetable.oc1.me-jeddah-1.aaaaaaaaahq2pugiwgg3r5lqa2btwbsz6dswgduyruvpm55wiqabmt7v54sq",
            "security_list_ids": [
              "ocid1.securitylist.oc1.me-jeddah-1.aaaaaaaarmvpb52xw3v6ejhehgnjo67dmffijhr3fmr6vojkuyhnb4ibglwq"
            ],
            "state": "AVAILABLE",
            "subnet_domain_name": "appsndns.mydns.oraclevcn.com",
            "time_created": "2023-10-12 13:02:41.752 +0000 UTC",
            "timeouts": null,
            "vcn_id": "ocid1.vcn.oc1.me-jeddah-1.amaaaaaa2bix7zaauvbiuy7r7b2euxryfzsp424u46dzo6x4umwzhqmvphzq",
            "virtual_router_ip": "10.0.4.1",
            "virtual_router_mac": "00:00:17:00:A7:5B"
          },
          "sensitive_attributes": [],
          "private": "eyJlMmJmYjczMC1lY2FhLTExZTYtOGY4OC0zNDM2M2JjN2M0YzAiOnsiY3JlYXRlIjoxMjAwMDAwMDAwMDAwLCJkZWxldGUiOjEyMDAwMDAwMDAwMDAsInVwZGF0ZSI6MTIwMDAwMDAwMDAwMH19",
          "dependencies": [
            "module.app-subnet.oci_core_security_list.security-list",
            "module.compartment.oci_identity_compartment.compartment",
            "module.vcn.oci_core_vcn.vcn"
          ]
        }
      ]
    },
    {
      "module": "module.app-subnet",
      "mode": "managed",
      "type": "oci_logging_log",
      "name": "vcn_log",
      "provider": "provider[\"registry.terraform.io/hashicorp/oci\"]",
      "instances": [
        {
          "schema_version": 0,
          "attributes": {
            "compartment_id": "ocid1.compartment.oc1..aaaaaaaaicpfwfxkd3s4h2rg2zpy3bfrdx36b3auf27f5wkpobwaffkxxvha",
            "configuration": [
              {
                "compartment_id": "ocid1.compartment.oc1..aaaaaaaaicpfwfxkd3s4h2rg2zpy3bfrdx36b3auf27f5wkpobwaffkxxvha",
                "source": [
                  {
                    "category": "all",
                    "resource": "ocid1.subnet.oc1.me-jeddah-1.aaaaaaaaicscyry7u4gdfs5xfsozuykiixxpzpr3hd7qtbz37sv72wq6nwbq",
                    "service": "flowlogs",
                    "source_type": "OCISERVICE"
                  }
                ]
              }
            ],
            "defined_tags": {
              "Oracle-Tags.CreatedBy": "default/ahmed.shousha@wind-is.com",
              "Oracle-Tags.CreatedOn": "2023-10-12T13:02:44.046Z"
            },
            "display_name": "app-sn-log",
            "freeform_tags": {},
            "id": "ocid1.log.oc1.me-jeddah-1.amaaaaaa2bix7zaayglf4cfhdbea4dl2okb2lttxqppgm4qbmcdflswkanza",
            "is_enabled": true,
            "log_group_id": "ocid1.loggroup.oc1.me-jeddah-1.amaaaaaa2bix7zaaupqr62p6e3pphyezskarpobevyafrnjfttwmuiurfqoa",
            "log_type": "SERVICE",
            "retention_duration": 90,
            "state": "ACTIVE",
            "tenancy_id": "ocid1.tenancy.oc1..aaaaaaaadptv2dmw6j4hbnvdnkfcd4xv3uevxbawyvb5qymtuuekveowopmq",
            "time_created": "2023-10-12 13:02:44.133 +0000 UTC",
            "time_last_modified": "2023-10-12 13:02:44.133 +0000 UTC",
            "timeouts": null
          },
          "sensitive_attributes": [],
          "private": "eyJlMmJmYjczMC1lY2FhLTExZTYtOGY4OC0zNDM2M2JjN2M0YzAiOnsiY3JlYXRlIjoxMjAwMDAwMDAwMDAwLCJkZWxldGUiOjEyMDAwMDAwMDAwMDAsInVwZGF0ZSI6MTIwMDAwMDAwMDAwMH19",
          "dependencies": [
            "module.app-subnet.oci_core_security_list.security-list",
            "module.app-subnet.oci_core_subnet.vcn-subnet",
            "module.compartment.oci_identity_compartment.compartment",
            "module.vcn.oci_core_vcn.vcn",
            "module.vcn.oci_logging_log_group.vcnloggroup"
          ]
        }
      ]
    },
    {
      "module": "module.compartment",
      "mode": "managed",
      "type": "oci_identity_compartment",
      "name": "compartment",
      "provider": "provider[\"registry.terraform.io/hashicorp/oci\"]",
      "instances": [
        {
          "schema_version": 0,
          "attributes": {
            "compartment_id": "ocid1.tenancy.oc1..aaaaaaaadptv2dmw6j4hbnvdnkfcd4xv3uevxbawyvb5qymtuuekveowopmq",
            "defined_tags": {
              "Oracle-Tags.CreatedBy": "default/amr.ezzat@wind-is.com",
              "Oracle-Tags.CreatedOn": "2023-10-10T07:59:02.365Z"
            },
            "description": "My first compartment",
            "enable_delete": null,
            "freeform_tags": {},
            "id": "ocid1.compartment.oc1..aaaaaaaaicpfwfxkd3s4h2rg2zpy3bfrdx36b3auf27f5wkpobwaffkxxvha",
            "inactive_state": null,
            "is_accessible": true,
            "name": "MyCompartment",
            "state": "ACTIVE",
            "time_created": "2023-10-10 07:59:02.667 +0000 UTC",
            "timeouts": {
              "delete": null
            }
          },
          "sensitive_attributes": [],
          "private": "eyJlMmJmYjczMC1lY2FhLTExZTYtOGY4OC0zNDM2M2JjN2M0YzAiOnsiZGVsZXRlIjo1NDAwMDAwMDAwMDAwfSwic2NoZW1hX3ZlcnNpb24iOiIwIn0="
        }
      ]
    },
    {
      "module": "module.instance",
      "mode": "data",
      "type": "oci_identity_availability_domain",
      "name": "ads",
      "provider": "provider[\"registry.terraform.io/hashicorp/oci\"]",
      "instances": [
        {
          "schema_version": 0,
          "attributes": {
            "ad_number": 1,
            "compartment_id": "ocid1.compartment.oc1..aaaaaaaaicpfwfxkd3s4h2rg2zpy3bfrdx36b3auf27f5wkpobwaffkxxvha",
            "id": "ocid1.availabilitydomain.oc1..aaaaaaaa3lb2y6omrgvooqvuxvn5k3zco5pbaqnq7ei3b2qpkg4x2bq7kbcq",
            "name": "vIAm:ME-JEDDAH-1-AD-1"
          },
          "sensitive_attributes": []
        }
      ]
    },
    {
      "module": "module.pub-subnet",
      "mode": "data",
      "type": "oci_core_services",
      "name": "all_oci_services",
      "provider": "provider[\"registry.terraform.io/hashicorp/oci\"]",
      "instances": [
        {
          "schema_version": 0,
          "attributes": {
            "filter": [
              {
                "name": "name",
                "regex": true,
                "values": [
                  "All .* Services In Oracle Services Network"
                ]
              }
            ],
            "id": "CoreServicesDataSource-0",
            "services": [
              {
                "cidr_block": "all-jed-services-in-oracle-services-network",
                "description": "All JED Services In Oracle Services Network",
                "id": "ocid1.service.oc1.me-jeddah-1.aaaaaaaalzbp2ry2h4keliz26riuwprf2jcbicqjohx6cehdshs4mpf44tua",
                "name": "All JED Services In Oracle Services Network"
              }
            ]
          },
          "sensitive_attributes": []
        }
      ]
    },
    {
      "module": "module.pub-subnet",
      "mode": "managed",
      "type": "oci_core_route_table",
      "name": "subnet_route_table",
      "provider": "provider[\"registry.terraform.io/hashicorp/oci\"]",
      "instances": [
        {
          "schema_version": 0,
          "attributes": {
            "compartment_id": "ocid1.compartment.oc1..aaaaaaaaicpfwfxkd3s4h2rg2zpy3bfrdx36b3auf27f5wkpobwaffkxxvha",
            "defined_tags": {
              "Oracle-Tags.CreatedBy": "default/ahmed.shousha@wind-is.com",
              "Oracle-Tags.CreatedOn": "2023-10-12T12:43:47.623Z"
            },
            "display_name": "Ahmed-lb-sn-rt",
            "freeform_tags": {},
            "id": "ocid1.routetable.oc1.me-jeddah-1.aaaaaaaa6lqswzziopp5dvfmamfc4vw54jgel4qbuvxtoizkgku2ffmzkzya",
            "route_rules": [
              {
                "cidr_block": "",
                "description": "allow internet access",
                "destination": "0.0.0.0/0",
                "destination_type": "CIDR_BLOCK",
                "network_entity_id": "ocid1.internetgateway.oc1.me-jeddah-1.aaaaaaaauovt7sbwaac5fkmjdpl2xydbjrpy252awwc4vgo4cpisdery6awq",
                "route_type": ""
              }
            ],
            "state": "AVAILABLE",
            "time_created": "2023-10-12 12:43:47.66 +0000 UTC",
            "timeouts": null,
            "vcn_id": "ocid1.vcn.oc1.me-jeddah-1.amaaaaaa2bix7zaauvbiuy7r7b2euxryfzsp424u46dzo6x4umwzhqmvphzq"
          },
          "sensitive_attributes": [],
          "private": "eyJlMmJmYjczMC1lY2FhLTExZTYtOGY4OC0zNDM2M2JjN2M0YzAiOnsiY3JlYXRlIjoxMjAwMDAwMDAwMDAwLCJkZWxldGUiOjEyMDAwMDAwMDAwMDAsInVwZGF0ZSI6MTIwMDAwMDAwMDAwMH19",
          "dependencies": [
            "module.compartment.oci_identity_compartment.compartment",
            "module.vcn.oci_core_internet_gateway.igw",
            "module.vcn.oci_core_vcn.vcn"
          ]
        }
      ]
    },
    {
      "module": "module.pub-subnet",
      "mode": "managed",
      "type": "oci_core_route_table_attachment",
      "name": "route_table_attachment",
      "provider": "provider[\"registry.terraform.io/hashicorp/oci\"]",
      "instances": [
        {
          "schema_version": 0,
          "attributes": {
            "id": "ocid1.subnet.oc1.me-jeddah-1.aaaaaaaa3sbandykd73e2wjjk6yldgwl7yg7fkukc4xeb4dd3fwyr32jhrza/ocid1.routetable.oc1.me-jeddah-1.aaaaaaaa6lqswzziopp5dvfmamfc4vw54jgel4qbuvxtoizkgku2ffmzkzya",
            "route_table_id": "ocid1.routetable.oc1.me-jeddah-1.aaaaaaaa6lqswzziopp5dvfmamfc4vw54jgel4qbuvxtoizkgku2ffmzkzya",
            "subnet_id": "ocid1.subnet.oc1.me-jeddah-1.aaaaaaaa3sbandykd73e2wjjk6yldgwl7yg7fkukc4xeb4dd3fwyr32jhrza",
            "timeouts": null
          },
          "sensitive_attributes": [],
          "private": "eyJlMmJmYjczMC1lY2FhLTExZTYtOGY4OC0zNDM2M2JjN2M0YzAiOnsiY3JlYXRlIjoxMjAwMDAwMDAwMDAwLCJkZWxldGUiOjEyMDAwMDAwMDAwMDAsInVwZGF0ZSI6MTIwMDAwMDAwMDAwMH19",
          "dependencies": [
            "module.compartment.oci_identity_compartment.compartment",
            "module.pub-subnet.oci_core_route_table.subnet_route_table",
            "module.pub-subnet.oci_core_security_list.security-list",
            "module.pub-subnet.oci_core_subnet.vcn-subnet",
            "module.vcn.oci_core_internet_gateway.igw",
            "module.vcn.oci_core_vcn.vcn"
          ]
        }
      ]
    },
    {
      "module": "module.pub-subnet",
      "mode": "managed",
      "type": "oci_core_security_list",
      "name": "security-list",
      "provider": "provider[\"registry.terraform.io/hashicorp/oci\"]",
      "instances": [
        {
          "index_key": 0,
          "schema_version": 0,
          "attributes": {
            "compartment_id": "ocid1.compartment.oc1..aaaaaaaaicpfwfxkd3s4h2rg2zpy3bfrdx36b3auf27f5wkpobwaffkxxvha",
            "defined_tags": {
              "Oracle-Tags.CreatedBy": "default/ahmed.shousha@wind-is.com",
              "Oracle-Tags.CreatedOn": "2023-10-12T12:46:20.798Z"
            },
            "display_name": "Ahmed-lb-sn-sl",
            "egress_security_rules": [
              {
                "description": "",
                "destination": "0.0.0.0/0",
                "destination_type": "CIDR_BLOCK",
                "icmp_options": [],
                "protocol": "all",
                "stateless": false,
                "tcp_options": [],
                "udp_options": []
              },
              {
                "description": "",
                "destination": "all-jed-services-in-oracle-services-network",
                "destination_type": "SERVICE_CIDR_BLOCK",
                "icmp_options": [],
                "protocol": "all",
                "stateless": false,
                "tcp_options": [],
                "udp_options": []
              }
            ],
            "freeform_tags": {},
            "id": "ocid1.securitylist.oc1.me-jeddah-1.aaaaaaaajb26yb7uaeed3jda5lrhokzsiovnkseuh4ht354zxb6cbnbdf7za",
            "ingress_security_rules": [
              {
                "description": "",
                "icmp_options": [],
                "protocol": "6",
                "source": "0.0.0.0/0",
                "source_type": "CIDR_BLOCK",
                "stateless": true,
                "tcp_options": [
                  {
                    "max": 22,
                    "min": 22,
                    "source_port_range": []
                  }
                ],
                "udp_options": []
              },
              {
                "description": "",
                "icmp_options": [],
                "protocol": "6",
                "source": "10.0.0.0/16",
                "source_type": "CIDR_BLOCK",
                "stateless": true,
                "tcp_options": [
                  {
                    "max": 80,
                    "min": 80,
                    "source_port_range": []
                  }
                ],
                "udp_options": []
              }
            ],
            "state": "AVAILABLE",
            "time_created": "2023-10-12 12:46:20.833 +0000 UTC",
            "timeouts": null,
            "vcn_id": "ocid1.vcn.oc1.me-jeddah-1.amaaaaaa2bix7zaauvbiuy7r7b2euxryfzsp424u46dzo6x4umwzhqmvphzq"
          },
          "sensitive_attributes": [],
          "private": "eyJlMmJmYjczMC1lY2FhLTExZTYtOGY4OC0zNDM2M2JjN2M0YzAiOnsiY3JlYXRlIjoxMjAwMDAwMDAwMDAwLCJkZWxldGUiOjEyMDAwMDAwMDAwMDAsInVwZGF0ZSI6MTIwMDAwMDAwMDAwMH19",
          "dependencies": [
            "module.compartment.oci_identity_compartment.compartment",
            "module.vcn.oci_core_vcn.vcn"
          ]
        }
      ]
    },
    {
      "module": "module.pub-subnet",
      "mode": "managed",
      "type": "oci_core_subnet",
      "name": "vcn-subnet",
      "provider": "provider[\"registry.terraform.io/hashicorp/oci\"]",
      "instances": [
        {
          "schema_version": 0,
          "attributes": {
            "availability_domain": null,
            "cidr_block": "10.0.3.0/24",
            "compartment_id": "ocid1.compartment.oc1..aaaaaaaaicpfwfxkd3s4h2rg2zpy3bfrdx36b3auf27f5wkpobwaffkxxvha",
            "defined_tags": {
              "Oracle-Tags.CreatedBy": "default/ahmed.shousha@wind-is.com",
              "Oracle-Tags.CreatedOn": "2023-10-12T12:47:51.696Z"
            },
            "dhcp_options_id": "ocid1.dhcpoptions.oc1.me-jeddah-1.aaaaaaaa2aqflo4uyk6n2qrwcnbrlj56ave3agreeaxtzllny6ln3m4ffwua",
            "display_name": "Ahmed-lb-sn",
            "dns_label": "lbsndns",
            "freeform_tags": {},
            "id": "ocid1.subnet.oc1.me-jeddah-1.aaaaaaaa3sbandykd73e2wjjk6yldgwl7yg7fkukc4xeb4dd3fwyr32jhrza",
            "ipv6cidr_block": null,
            "ipv6cidr_blocks": [],
            "ipv6virtual_router_ip": null,
            "prohibit_internet_ingress": false,
            "prohibit_public_ip_on_vnic": false,
            "route_table_id": "ocid1.routetable.oc1.me-jeddah-1.aaaaaaaa6lqswzziopp5dvfmamfc4vw54jgel4qbuvxtoizkgku2ffmzkzya",
            "security_list_ids": [
              "ocid1.securitylist.oc1.me-jeddah-1.aaaaaaaajb26yb7uaeed3jda5lrhokzsiovnkseuh4ht354zxb6cbnbdf7za"
            ],
            "state": "AVAILABLE",
            "subnet_domain_name": "lbsndns.mydns.oraclevcn.com",
            "time_created": "2023-10-12 12:47:51.74 +0000 UTC",
            "timeouts": null,
            "vcn_id": "ocid1.vcn.oc1.me-jeddah-1.amaaaaaa2bix7zaauvbiuy7r7b2euxryfzsp424u46dzo6x4umwzhqmvphzq",
            "virtual_router_ip": "10.0.3.1",
            "virtual_router_mac": "00:00:17:00:A7:5B"
          },
          "sensitive_attributes": [],
          "private": "eyJlMmJmYjczMC1lY2FhLTExZTYtOGY4OC0zNDM2M2JjN2M0YzAiOnsiY3JlYXRlIjoxMjAwMDAwMDAwMDAwLCJkZWxldGUiOjEyMDAwMDAwMDAwMDAsInVwZGF0ZSI6MTIwMDAwMDAwMDAwMH19",
          "dependencies": [
            "module.compartment.oci_identity_compartment.compartment",
            "module.pub-subnet.oci_core_security_list.security-list",
            "module.vcn.oci_core_vcn.vcn"
          ]
        }
      ]
    },
    {
      "module": "module.pub-subnet",
      "mode": "managed",
      "type": "oci_logging_log",
      "name": "vcn_log",
      "provider": "provider[\"registry.terraform.io/hashicorp/oci\"]",
      "instances": [
        {
          "schema_version": 0,
          "attributes": {
            "compartment_id": "ocid1.compartment.oc1..aaaaaaaaicpfwfxkd3s4h2rg2zpy3bfrdx36b3auf27f5wkpobwaffkxxvha",
            "configuration": [
              {
                "compartment_id": "ocid1.compartment.oc1..aaaaaaaaicpfwfxkd3s4h2rg2zpy3bfrdx36b3auf27f5wkpobwaffkxxvha",
                "source": [
                  {
                    "category": "all",
                    "resource": "ocid1.subnet.oc1.me-jeddah-1.aaaaaaaa3sbandykd73e2wjjk6yldgwl7yg7fkukc4xeb4dd3fwyr32jhrza",
                    "service": "flowlogs",
                    "source_type": "OCISERVICE"
                  }
                ]
              }
            ],
            "defined_tags": {
              "Oracle-Tags.CreatedBy": "default/ahmed.shousha@wind-is.com",
              "Oracle-Tags.CreatedOn": "2023-10-12T12:50:19.915Z"
            },
            "display_name": "lb-sn-log",
            "freeform_tags": {},
            "id": "ocid1.log.oc1.me-jeddah-1.amaaaaaa2bix7zaatziwfcqu7lpcwyz7kr6kbimu7hunvad6ylhw4mejrfza",
            "is_enabled": true,
            "log_group_id": "ocid1.loggroup.oc1.me-jeddah-1.amaaaaaa2bix7zaaupqr62p6e3pphyezskarpobevyafrnjfttwmuiurfqoa",
            "log_type": "SERVICE",
            "retention_duration": 90,
            "state": "ACTIVE",
            "tenancy_id": "ocid1.tenancy.oc1..aaaaaaaadptv2dmw6j4hbnvdnkfcd4xv3uevxbawyvb5qymtuuekveowopmq",
            "time_created": "2023-10-12 12:50:20.017 +0000 UTC",
            "time_last_modified": "2023-10-12 12:50:20.017 +0000 UTC",
            "timeouts": null
          },
          "sensitive_attributes": [],
          "private": "eyJlMmJmYjczMC1lY2FhLTExZTYtOGY4OC0zNDM2M2JjN2M0YzAiOnsiY3JlYXRlIjoxMjAwMDAwMDAwMDAwLCJkZWxldGUiOjEyMDAwMDAwMDAwMDAsInVwZGF0ZSI6MTIwMDAwMDAwMDAwMH19",
          "dependencies": [
            "module.compartment.oci_identity_compartment.compartment",
            "module.pub-subnet.oci_core_security_list.security-list",
            "module.pub-subnet.oci_core_subnet.vcn-subnet",
            "module.vcn.oci_core_vcn.vcn",
            "module.vcn.oci_logging_log_group.vcnloggroup"
          ]
        }
      ]
    },
    {
      "module": "module.vcn",
      "mode": "managed",
      "type": "oci_core_internet_gateway",
      "name": "igw",
      "provider": "provider[\"registry.terraform.io/hashicorp/oci\"]",
      "instances": [
        {
          "index_key": 0,
          "schema_version": 0,
          "attributes": {
            "compartment_id": "ocid1.compartment.oc1..aaaaaaaaicpfwfxkd3s4h2rg2zpy3bfrdx36b3auf27f5wkpobwaffkxxvha",
            "defined_tags": {
              "Oracle-Tags.CreatedBy": "default/amr.ezzat@wind-is.com",
              "Oracle-Tags.CreatedOn": "2023-10-11T10:54:37.174Z"
            },
            "display_name": "Wind-IS-myigw",
            "enabled": true,
            "freeform_tags": {},
            "id": "ocid1.internetgateway.oc1.me-jeddah-1.aaaaaaaauovt7sbwaac5fkmjdpl2xydbjrpy252awwc4vgo4cpisdery6awq",
            "route_table_id": null,
            "state": "AVAILABLE",
            "time_created": "2023-10-11 10:54:37.225 +0000 UTC",
            "timeouts": {
              "create": null,
              "delete": null,
              "update": null
            },
            "vcn_id": "ocid1.vcn.oc1.me-jeddah-1.amaaaaaa2bix7zaauvbiuy7r7b2euxryfzsp424u46dzo6x4umwzhqmvphzq"
          },
          "sensitive_attributes": [],
          "private": "eyJlMmJmYjczMC1lY2FhLTExZTYtOGY4OC0zNDM2M2JjN2M0YzAiOnsiY3JlYXRlIjoxMjAwMDAwMDAwMDAwLCJkZWxldGUiOjEyMDAwMDAwMDAwMDAsInVwZGF0ZSI6MTIwMDAwMDAwMDAwMH0sInNjaGVtYV92ZXJzaW9uIjoiMCJ9",
          "dependencies": [
            "module.compartment.oci_identity_compartment.compartment",
            "module.vcn.oci_core_vcn.vcn"
          ]
        }
      ]
    },
    {
      "module": "module.vcn",
      "mode": "managed",
      "type": "oci_core_vcn",
      "name": "vcn",
      "provider": "provider[\"registry.terraform.io/hashicorp/oci\"]",
      "instances": [
        {
          "index_key": 0,
          "schema_version": 0,
          "attributes": {
            "byoipv6cidr_blocks": [],
            "byoipv6cidr_details": [],
            "cidr_block": "10.0.0.0/16",
            "cidr_blocks": [
              "10.0.0.0/16"
            ],
            "compartment_id": "ocid1.compartment.oc1..aaaaaaaaicpfwfxkd3s4h2rg2zpy3bfrdx36b3auf27f5wkpobwaffkxxvha",
            "default_dhcp_options_id": "ocid1.dhcpoptions.oc1.me-jeddah-1.aaaaaaaa2aqflo4uyk6n2qrwcnbrlj56ave3agreeaxtzllny6ln3m4ffwua",
            "default_route_table_id": "ocid1.routetable.oc1.me-jeddah-1.aaaaaaaauexmtegng44y5rbh4z6qqxxxfenmkxqavbj3dfogqjlejcshimqq",
            "default_security_list_id": "ocid1.securitylist.oc1.me-jeddah-1.aaaaaaaavw2y7qo2ru3enbmyas3mxmzlxqpxi5v6yo6u56qsxkl7chs3zbqq",
            "defined_tags": {
              "Oracle-Tags.CreatedBy": "default/amr.ezzat@wind-is.com",
              "Oracle-Tags.CreatedOn": "2023-10-11T10:54:35.801Z"
            },
            "display_name": "Wind-IS-myvCN",
            "dns_label": "mydns",
            "freeform_tags": {},
            "id": "ocid1.vcn.oc1.me-jeddah-1.amaaaaaa2bix7zaauvbiuy7r7b2euxryfzsp424u46dzo6x4umwzhqmvphzq",
            "ipv6cidr_blocks": [],
            "ipv6private_cidr_blocks": [],
            "is_ipv6enabled": false,
            "is_oracle_gua_allocation_enabled": null,
            "state": "AVAILABLE",
            "time_created": "2023-10-11 10:54:35.867 +0000 UTC",
            "timeouts": {
              "create": null,
              "delete": null,
              "update": null
            },
            "vcn_domain_name": "mydns.oraclevcn.com"
          },
          "sensitive_attributes": [],
          "private": "eyJlMmJmYjczMC1lY2FhLTExZTYtOGY4OC0zNDM2M2JjN2M0YzAiOnsiY3JlYXRlIjoxMjAwMDAwMDAwMDAwLCJkZWxldGUiOjEyMDAwMDAwMDAwMDAsInVwZGF0ZSI6MTIwMDAwMDAwMDAwMH0sInNjaGVtYV92ZXJzaW9uIjoiMCJ9",
          "dependencies": [
            "module.compartment.oci_identity_compartment.compartment"
          ]
        }
      ]
    },
    {
      "module": "module.vcn",
      "mode": "managed",
      "type": "oci_logging_log_group",
      "name": "vcnloggroup",
      "provider": "provider[\"registry.terraform.io/hashicorp/oci\"]",
      "instances": [
        {
          "schema_version": 0,
          "attributes": {
            "compartment_id": "ocid1.compartment.oc1..aaaaaaaaicpfwfxkd3s4h2rg2zpy3bfrdx36b3auf27f5wkpobwaffkxxvha",
            "defined_tags": {
              "Oracle-Tags.CreatedBy": "default/amr.ezzat@wind-is.com",
              "Oracle-Tags.CreatedOn": "2023-10-11T10:30:24.519Z"
            },
            "description": "myvCN Log group",
            "display_name": "myvCN-loggroup",
            "freeform_tags": {},
            "id": "ocid1.loggroup.oc1.me-jeddah-1.amaaaaaa2bix7zaaupqr62p6e3pphyezskarpobevyafrnjfttwmuiurfqoa",
            "state": "ACTIVE",
            "time_created": "2023-10-11 10:30:24.57 +0000 UTC",
            "time_last_modified": "2023-10-11 10:54:35.865 +0000 UTC",
            "timeouts": {
              "create": null,
              "delete": null,
              "update": null
            }
          },
          "sensitive_attributes": [],
          "private": "eyJlMmJmYjczMC1lY2FhLTExZTYtOGY4OC0zNDM2M2JjN2M0YzAiOnsiY3JlYXRlIjoxMjAwMDAwMDAwMDAwLCJkZWxldGUiOjEyMDAwMDAwMDAwMDAsInVwZGF0ZSI6MTIwMDAwMDAwMDAwMH0sInNjaGVtYV92ZXJzaW9uIjoiMCJ9",
          "dependencies": [
            "module.compartment.oci_identity_compartment.compartment"
          ]
        }
      ]
    }
  ],
  "check_results": null
}
